// !$*UTF8*$!
{
	archiveVersion = 1;
	classes = {
	};
	objectVersion = 50;
	objects = {

/* Begin PBXBuildFile section */
		0501FBF3E581E1FBBEF366B6 /* Pods_StandardMetering.framework in Frameworks */ = {isa = PBXBuildFile; fileRef = CA5AD49852163AF7788A4F54 /* Pods_StandardMetering.framework */; };
		20398C49300F9CE57C994623 /* Pods_StandardMeteringUITests.framework in Frameworks */ = {isa = PBXBuildFile; fileRef = 702B39BC6A1997B77668A363 /* Pods_StandardMeteringUITests.framework */; };
		74478F655771FD5755FB6B0F /* Pods_StandardMeteringTests.framework in Frameworks */ = {isa = PBXBuildFile; fileRef = 18EDDCE8E52B5AC8E7076B55 /* Pods_StandardMeteringTests.framework */; };
		E00E5CE620CD9D9B00C478A0 /* AppDelegate.swift in Sources */ = {isa = PBXBuildFile; fileRef = E00E5CE520CD9D9B00C478A0 /* AppDelegate.swift */; };
		E00E5CE920CD9D9B00C478A0 /* StandardMetering.xcdatamodeld in Sources */ = {isa = PBXBuildFile; fileRef = E00E5CE720CD9D9B00C478A0 /* StandardMetering.xcdatamodeld */; };
		E00E5CEB20CD9D9B00C478A0 /* MasterViewController.swift in Sources */ = {isa = PBXBuildFile; fileRef = E00E5CEA20CD9D9B00C478A0 /* MasterViewController.swift */; };
		E00E5CED20CD9D9B00C478A0 /* DetailViewController.swift in Sources */ = {isa = PBXBuildFile; fileRef = E00E5CEC20CD9D9B00C478A0 /* DetailViewController.swift */; };
		E00E5CF020CD9D9B00C478A0 /* Main.storyboard in Resources */ = {isa = PBXBuildFile; fileRef = E00E5CEE20CD9D9B00C478A0 /* Main.storyboard */; };
		E00E5CF220CD9D9B00C478A0 /* Assets.xcassets in Resources */ = {isa = PBXBuildFile; fileRef = E00E5CF120CD9D9B00C478A0 /* Assets.xcassets */; };
		E00E5CF520CD9D9B00C478A0 /* LaunchScreen.storyboard in Resources */ = {isa = PBXBuildFile; fileRef = E00E5CF320CD9D9B00C478A0 /* LaunchScreen.storyboard */; };
		E00E5D0020CD9D9B00C478A0 /* StandardMeteringTests.swift in Sources */ = {isa = PBXBuildFile; fileRef = E00E5CFF20CD9D9B00C478A0 /* StandardMeteringTests.swift */; };
		E00E5D0B20CD9D9B00C478A0 /* StandardMeteringUITests.swift in Sources */ = {isa = PBXBuildFile; fileRef = E00E5D0A20CD9D9B00C478A0 /* StandardMeteringUITests.swift */; };
		E00E5D1920CDAD7400C478A0 /* SignInViewController.swift in Sources */ = {isa = PBXBuildFile; fileRef = E00E5D1820CDAD7400C478A0 /* SignInViewController.swift */; };
		E00E5D1B20CDAF2D00C478A0 /* StandardMeteringConstants.swift in Sources */ = {isa = PBXBuildFile; fileRef = E00E5D1A20CDAF2D00C478A0 /* StandardMeteringConstants.swift */; };
		E00E5D1D20CDB28F00C478A0 /* SplitViewController.swift in Sources */ = {isa = PBXBuildFile; fileRef = E00E5D1C20CDB28F00C478A0 /* SplitViewController.swift */; };
		E00E5D2320CDBAC200C478A0 /* UserModel.swift in Sources */ = {isa = PBXBuildFile; fileRef = E00E5D2220CDBAC200C478A0 /* UserModel.swift */; };
		E04E55D520D1F7B5006D673E /* CreateNewInstallViewController.swift in Sources */ = {isa = PBXBuildFile; fileRef = E04E55D420D1F7B5006D673E /* CreateNewInstallViewController.swift */; };
		E06F3CC720D0ADD600AE5ED7 /* MasterViewModel.swift in Sources */ = {isa = PBXBuildFile; fileRef = E06F3CC620D0ADD600AE5ED7 /* MasterViewModel.swift */; };
		E06F3CC920D0B86B00AE5ED7 /* InstallCellViewModel.swift in Sources */ = {isa = PBXBuildFile; fileRef = E06F3CC820D0B86B00AE5ED7 /* InstallCellViewModel.swift */; };
		E07A20BD20D1E92900CDCC11 /* SyncActionsCellModel.swift in Sources */ = {isa = PBXBuildFile; fileRef = E07A20BC20D1E92900CDCC11 /* SyncActionsCellModel.swift */; };
		E08B7A9120E1BD9D00950890 /* Util.swift in Sources */ = {isa = PBXBuildFile; fileRef = E08B7A9020E1BD9D00950890 /* Util.swift */; };
		E08B7A9320E1CC6300950890 /* InstallModel.swift in Sources */ = {isa = PBXBuildFile; fileRef = E08B7A9220E1CC6300950890 /* InstallModel.swift */; };
		E0C3A5A320CF749C00591135 /* StandardMeteringError.swift in Sources */ = {isa = PBXBuildFile; fileRef = E0C3A5A220CF749C00591135 /* StandardMeteringError.swift */; };
		E0C3A5A620CF754000591135 /* NetworkRequest.swift in Sources */ = {isa = PBXBuildFile; fileRef = E0C3A5A520CF754000591135 /* NetworkRequest.swift */; };
/* End PBXBuildFile section */

/* Begin PBXContainerItemProxy section */
		E00E5CFC20CD9D9B00C478A0 /* PBXContainerItemProxy */ = {
			isa = PBXContainerItemProxy;
			containerPortal = E00E5CDA20CD9D9A00C478A0 /* Project object */;
			proxyType = 1;
			remoteGlobalIDString = E00E5CE120CD9D9A00C478A0;
			remoteInfo = StandardMetering;
		};
		E00E5D0720CD9D9B00C478A0 /* PBXContainerItemProxy */ = {
			isa = PBXContainerItemProxy;
			containerPortal = E00E5CDA20CD9D9A00C478A0 /* Project object */;
			proxyType = 1;
			remoteGlobalIDString = E00E5CE120CD9D9A00C478A0;
			remoteInfo = StandardMetering;
		};
/* End PBXContainerItemProxy section */

/* Begin PBXFileReference section */
		18EDDCE8E52B5AC8E7076B55 /* Pods_StandardMeteringTests.framework */ = {isa = PBXFileReference; explicitFileType = wrapper.framework; includeInIndex = 0; path = Pods_StandardMeteringTests.framework; sourceTree = BUILT_PRODUCTS_DIR; };
		3E0F7BF5F5B2F751BA30298A /* Pods-StandardMeteringTests.release.xcconfig */ = {isa = PBXFileReference; includeInIndex = 1; lastKnownFileType = text.xcconfig; name = "Pods-StandardMeteringTests.release.xcconfig"; path = "Pods/Target Support Files/Pods-StandardMeteringTests/Pods-StandardMeteringTests.release.xcconfig"; sourceTree = "<group>"; };
		6392FE9294909C7909B1617C /* Pods-StandardMeteringUITests.release.xcconfig */ = {isa = PBXFileReference; includeInIndex = 1; lastKnownFileType = text.xcconfig; name = "Pods-StandardMeteringUITests.release.xcconfig"; path = "Pods/Target Support Files/Pods-StandardMeteringUITests/Pods-StandardMeteringUITests.release.xcconfig"; sourceTree = "<group>"; };
		702B39BC6A1997B77668A363 /* Pods_StandardMeteringUITests.framework */ = {isa = PBXFileReference; explicitFileType = wrapper.framework; includeInIndex = 0; path = Pods_StandardMeteringUITests.framework; sourceTree = BUILT_PRODUCTS_DIR; };
		7450BEAB76B58170CC54DD1B /* Pods-StandardMeteringTests.debug.xcconfig */ = {isa = PBXFileReference; includeInIndex = 1; lastKnownFileType = text.xcconfig; name = "Pods-StandardMeteringTests.debug.xcconfig"; path = "Pods/Target Support Files/Pods-StandardMeteringTests/Pods-StandardMeteringTests.debug.xcconfig"; sourceTree = "<group>"; };
		90CE0D8046790AF22B60CA13 /* Pods-StandardMetering.release.xcconfig */ = {isa = PBXFileReference; includeInIndex = 1; lastKnownFileType = text.xcconfig; name = "Pods-StandardMetering.release.xcconfig"; path = "Pods/Target Support Files/Pods-StandardMetering/Pods-StandardMetering.release.xcconfig"; sourceTree = "<group>"; };
		ABFD0637EC14BA71EACC0039 /* Pods-StandardMeteringUITests.debug.xcconfig */ = {isa = PBXFileReference; includeInIndex = 1; lastKnownFileType = text.xcconfig; name = "Pods-StandardMeteringUITests.debug.xcconfig"; path = "Pods/Target Support Files/Pods-StandardMeteringUITests/Pods-StandardMeteringUITests.debug.xcconfig"; sourceTree = "<group>"; };
		CA5AD49852163AF7788A4F54 /* Pods_StandardMetering.framework */ = {isa = PBXFileReference; explicitFileType = wrapper.framework; includeInIndex = 0; path = Pods_StandardMetering.framework; sourceTree = BUILT_PRODUCTS_DIR; };
		E00E5CE220CD9D9A00C478A0 /* StandardMetering.app */ = {isa = PBXFileReference; explicitFileType = wrapper.application; includeInIndex = 0; path = StandardMetering.app; sourceTree = BUILT_PRODUCTS_DIR; };
		E00E5CE520CD9D9B00C478A0 /* AppDelegate.swift */ = {isa = PBXFileReference; lastKnownFileType = sourcecode.swift; path = AppDelegate.swift; sourceTree = "<group>"; };
		E00E5CE820CD9D9B00C478A0 /* StandardMetering.xcdatamodel */ = {isa = PBXFileReference; lastKnownFileType = wrapper.xcdatamodel; path = StandardMetering.xcdatamodel; sourceTree = "<group>"; };
		E00E5CEA20CD9D9B00C478A0 /* MasterViewController.swift */ = {isa = PBXFileReference; lastKnownFileType = sourcecode.swift; path = MasterViewController.swift; sourceTree = "<group>"; };
		E00E5CEC20CD9D9B00C478A0 /* DetailViewController.swift */ = {isa = PBXFileReference; lastKnownFileType = sourcecode.swift; path = DetailViewController.swift; sourceTree = "<group>"; };
		E00E5CEF20CD9D9B00C478A0 /* Base */ = {isa = PBXFileReference; lastKnownFileType = file.storyboard; name = Base; path = Base.lproj/Main.storyboard; sourceTree = "<group>"; };
		E00E5CF120CD9D9B00C478A0 /* Assets.xcassets */ = {isa = PBXFileReference; lastKnownFileType = folder.assetcatalog; path = Assets.xcassets; sourceTree = "<group>"; };
		E00E5CF420CD9D9B00C478A0 /* Base */ = {isa = PBXFileReference; lastKnownFileType = file.storyboard; name = Base; path = Base.lproj/LaunchScreen.storyboard; sourceTree = "<group>"; };
		E00E5CF620CD9D9B00C478A0 /* Info.plist */ = {isa = PBXFileReference; lastKnownFileType = text.plist.xml; path = Info.plist; sourceTree = "<group>"; };
		E00E5CFB20CD9D9B00C478A0 /* StandardMeteringTests.xctest */ = {isa = PBXFileReference; explicitFileType = wrapper.cfbundle; includeInIndex = 0; path = StandardMeteringTests.xctest; sourceTree = BUILT_PRODUCTS_DIR; };
		E00E5CFF20CD9D9B00C478A0 /* StandardMeteringTests.swift */ = {isa = PBXFileReference; lastKnownFileType = sourcecode.swift; path = StandardMeteringTests.swift; sourceTree = "<group>"; };
		E00E5D0120CD9D9B00C478A0 /* Info.plist */ = {isa = PBXFileReference; lastKnownFileType = text.plist.xml; path = Info.plist; sourceTree = "<group>"; };
		E00E5D0620CD9D9B00C478A0 /* StandardMeteringUITests.xctest */ = {isa = PBXFileReference; explicitFileType = wrapper.cfbundle; includeInIndex = 0; path = StandardMeteringUITests.xctest; sourceTree = BUILT_PRODUCTS_DIR; };
		E00E5D0A20CD9D9B00C478A0 /* StandardMeteringUITests.swift */ = {isa = PBXFileReference; lastKnownFileType = sourcecode.swift; path = StandardMeteringUITests.swift; sourceTree = "<group>"; };
		E00E5D0C20CD9D9B00C478A0 /* Info.plist */ = {isa = PBXFileReference; lastKnownFileType = text.plist.xml; path = Info.plist; sourceTree = "<group>"; };
		E00E5D1820CDAD7400C478A0 /* SignInViewController.swift */ = {isa = PBXFileReference; lastKnownFileType = sourcecode.swift; path = SignInViewController.swift; sourceTree = "<group>"; };
		E00E5D1A20CDAF2D00C478A0 /* StandardMeteringConstants.swift */ = {isa = PBXFileReference; lastKnownFileType = sourcecode.swift; path = StandardMeteringConstants.swift; sourceTree = "<group>"; };
		E00E5D1C20CDB28F00C478A0 /* SplitViewController.swift */ = {isa = PBXFileReference; lastKnownFileType = sourcecode.swift; path = SplitViewController.swift; sourceTree = "<group>"; };
		E00E5D2220CDBAC200C478A0 /* UserModel.swift */ = {isa = PBXFileReference; lastKnownFileType = sourcecode.swift; path = UserModel.swift; sourceTree = "<group>"; };
		E04E55D420D1F7B5006D673E /* CreateNewInstallViewController.swift */ = {isa = PBXFileReference; lastKnownFileType = sourcecode.swift; path = CreateNewInstallViewController.swift; sourceTree = "<group>"; };
		E06F3CC620D0ADD600AE5ED7 /* MasterViewModel.swift */ = {isa = PBXFileReference; lastKnownFileType = sourcecode.swift; path = MasterViewModel.swift; sourceTree = "<group>"; };
		E06F3CC820D0B86B00AE5ED7 /* InstallCellViewModel.swift */ = {isa = PBXFileReference; lastKnownFileType = sourcecode.swift; path = InstallCellViewModel.swift; sourceTree = "<group>"; };
		E07A20BC20D1E92900CDCC11 /* SyncActionsCellModel.swift */ = {isa = PBXFileReference; lastKnownFileType = sourcecode.swift; path = SyncActionsCellModel.swift; sourceTree = "<group>"; };
		E08B7A9020E1BD9D00950890 /* Util.swift */ = {isa = PBXFileReference; lastKnownFileType = sourcecode.swift; path = Util.swift; sourceTree = "<group>"; };
		E08B7A9220E1CC6300950890 /* InstallModel.swift */ = {isa = PBXFileReference; lastKnownFileType = sourcecode.swift; path = InstallModel.swift; sourceTree = "<group>"; };
		E0C3A5A220CF749C00591135 /* StandardMeteringError.swift */ = {isa = PBXFileReference; lastKnownFileType = sourcecode.swift; path = StandardMeteringError.swift; sourceTree = "<group>"; };
		E0C3A5A520CF754000591135 /* NetworkRequest.swift */ = {isa = PBXFileReference; lastKnownFileType = sourcecode.swift; path = NetworkRequest.swift; sourceTree = "<group>"; };
		E83B30174F92D5785C72C6CB /* Pods-StandardMetering.debug.xcconfig */ = {isa = PBXFileReference; includeInIndex = 1; lastKnownFileType = text.xcconfig; name = "Pods-StandardMetering.debug.xcconfig"; path = "Pods/Target Support Files/Pods-StandardMetering/Pods-StandardMetering.debug.xcconfig"; sourceTree = "<group>"; };
/* End PBXFileReference section */

/* Begin PBXFrameworksBuildPhase section */
		E00E5CDF20CD9D9A00C478A0 /* Frameworks */ = {
			isa = PBXFrameworksBuildPhase;
			buildActionMask = 2147483647;
			files = (
				0501FBF3E581E1FBBEF366B6 /* Pods_StandardMetering.framework in Frameworks */,
			);
			runOnlyForDeploymentPostprocessing = 0;
		};
		E00E5CF820CD9D9B00C478A0 /* Frameworks */ = {
			isa = PBXFrameworksBuildPhase;
			buildActionMask = 2147483647;
			files = (
				74478F655771FD5755FB6B0F /* Pods_StandardMeteringTests.framework in Frameworks */,
			);
			runOnlyForDeploymentPostprocessing = 0;
		};
		E00E5D0320CD9D9B00C478A0 /* Frameworks */ = {
			isa = PBXFrameworksBuildPhase;
			buildActionMask = 2147483647;
			files = (
				20398C49300F9CE57C994623 /* Pods_StandardMeteringUITests.framework in Frameworks */,
			);
			runOnlyForDeploymentPostprocessing = 0;
		};
/* End PBXFrameworksBuildPhase section */

/* Begin PBXGroup section */
		0A8BC649781BD2BC9BF6011D /* Pods */ = {
			isa = PBXGroup;
			children = (
				E83B30174F92D5785C72C6CB /* Pods-StandardMetering.debug.xcconfig */,
				90CE0D8046790AF22B60CA13 /* Pods-StandardMetering.release.xcconfig */,
				7450BEAB76B58170CC54DD1B /* Pods-StandardMeteringTests.debug.xcconfig */,
				3E0F7BF5F5B2F751BA30298A /* Pods-StandardMeteringTests.release.xcconfig */,
				ABFD0637EC14BA71EACC0039 /* Pods-StandardMeteringUITests.debug.xcconfig */,
				6392FE9294909C7909B1617C /* Pods-StandardMeteringUITests.release.xcconfig */,
			);
			name = Pods;
			sourceTree = "<group>";
		};
		AD1A68119E9C0B01279F0332 /* Frameworks */ = {
			isa = PBXGroup;
			children = (
				CA5AD49852163AF7788A4F54 /* Pods_StandardMetering.framework */,
				18EDDCE8E52B5AC8E7076B55 /* Pods_StandardMeteringTests.framework */,
				702B39BC6A1997B77668A363 /* Pods_StandardMeteringUITests.framework */,
			);
			name = Frameworks;
			sourceTree = "<group>";
		};
		E00E5CD920CD9D9A00C478A0 = {
			isa = PBXGroup;
			children = (
				E00E5CE420CD9D9A00C478A0 /* StandardMetering */,
				E00E5CFE20CD9D9B00C478A0 /* StandardMeteringTests */,
				E00E5D0920CD9D9B00C478A0 /* StandardMeteringUITests */,
				E00E5CE320CD9D9A00C478A0 /* Products */,
				0A8BC649781BD2BC9BF6011D /* Pods */,
				AD1A68119E9C0B01279F0332 /* Frameworks */,
			);
			sourceTree = "<group>";
		};
		E00E5CE320CD9D9A00C478A0 /* Products */ = {
			isa = PBXGroup;
			children = (
				E00E5CE220CD9D9A00C478A0 /* StandardMetering.app */,
				E00E5CFB20CD9D9B00C478A0 /* StandardMeteringTests.xctest */,
				E00E5D0620CD9D9B00C478A0 /* StandardMeteringUITests.xctest */,
			);
			name = Products;
			sourceTree = "<group>";
		};
		E00E5CE420CD9D9A00C478A0 /* StandardMetering */ = {
			isa = PBXGroup;
			children = (
				E00E5CF120CD9D9B00C478A0 /* Assets.xcassets */,
				E00E5CF620CD9D9B00C478A0 /* Info.plist */,
				E00E5CE520CD9D9B00C478A0 /* AppDelegate.swift */,
				E00E5D1A20CDAF2D00C478A0 /* StandardMeteringConstants.swift */,
				E08B7A9020E1BD9D00950890 /* Util.swift */,
				E00E5D1F20CDBA3D00C478A0 /* Views */,
				E00E5D2120CDBAA100C478A0 /* Models */,
				E06F3CC520D0ADBE00AE5ED7 /* ViewModels */,
				E00E5D1E20CDB9E600C478A0 /* ViewControllers */,
				E0C3A5A420CF752700591135 /* Controllers */,
			);
			path = StandardMetering;
			sourceTree = "<group>";
		};
		E00E5CFE20CD9D9B00C478A0 /* StandardMeteringTests */ = {
			isa = PBXGroup;
			children = (
				E00E5CFF20CD9D9B00C478A0 /* StandardMeteringTests.swift */,
				E00E5D0120CD9D9B00C478A0 /* Info.plist */,
			);
			path = StandardMeteringTests;
			sourceTree = "<group>";
		};
		E00E5D0920CD9D9B00C478A0 /* StandardMeteringUITests */ = {
			isa = PBXGroup;
			children = (
				E00E5D0A20CD9D9B00C478A0 /* StandardMeteringUITests.swift */,
				E00E5D0C20CD9D9B00C478A0 /* Info.plist */,
			);
			path = StandardMeteringUITests;
			sourceTree = "<group>";
		};
		E00E5D1E20CDB9E600C478A0 /* ViewControllers */ = {
			isa = PBXGroup;
			children = (
				E00E5D1820CDAD7400C478A0 /* SignInViewController.swift */,
				E00E5D1C20CDB28F00C478A0 /* SplitViewController.swift */,
				E00E5CEA20CD9D9B00C478A0 /* MasterViewController.swift */,
				E00E5CEC20CD9D9B00C478A0 /* DetailViewController.swift */,
				E04E55D420D1F7B5006D673E /* CreateNewInstallViewController.swift */,
			);
			path = ViewControllers;
			sourceTree = "<group>";
		};
		E00E5D1F20CDBA3D00C478A0 /* Views */ = {
			isa = PBXGroup;
			children = (
				E00E5CEE20CD9D9B00C478A0 /* Main.storyboard */,
				E00E5CF320CD9D9B00C478A0 /* LaunchScreen.storyboard */,
			);
			path = Views;
			sourceTree = "<group>";
		};
		E00E5D2120CDBAA100C478A0 /* Models */ = {
			isa = PBXGroup;
			children = (
				E00E5CE720CD9D9B00C478A0 /* StandardMetering.xcdatamodeld */,
				E00E5D2220CDBAC200C478A0 /* UserModel.swift */,
				E0C3A5A220CF749C00591135 /* StandardMeteringError.swift */,
				E08B7A9220E1CC6300950890 /* InstallModel.swift */,
			);
			path = Models;
			sourceTree = "<group>";
		};
		E06F3CC520D0ADBE00AE5ED7 /* ViewModels */ = {
			isa = PBXGroup;
			children = (
				E06F3CC620D0ADD600AE5ED7 /* MasterViewModel.swift */,
				E06F3CC820D0B86B00AE5ED7 /* InstallCellViewModel.swift */,
				E07A20BC20D1E92900CDCC11 /* SyncActionsCellModel.swift */,
			);
			path = ViewModels;
			sourceTree = "<group>";
		};
		E0C3A5A420CF752700591135 /* Controllers */ = {
			isa = PBXGroup;
			children = (
				E0C3A5A520CF754000591135 /* NetworkRequest.swift */,
			);
			path = Controllers;
			sourceTree = "<group>";
		};
/* End PBXGroup section */

/* Begin PBXNativeTarget section */
		E00E5CE120CD9D9A00C478A0 /* StandardMetering */ = {
			isa = PBXNativeTarget;
			buildConfigurationList = E00E5D0F20CD9D9B00C478A0 /* Build configuration list for PBXNativeTarget "StandardMetering" */;
			buildPhases = (
				02BB30F01B87A0A58EC229D8 /* [CP] Check Pods Manifest.lock */,
				E00E5CDE20CD9D9A00C478A0 /* Sources */,
				E00E5CDF20CD9D9A00C478A0 /* Frameworks */,
				E00E5CE020CD9D9A00C478A0 /* Resources */,
				7922F22F48CB50C513C947A1 /* [CP] Embed Pods Frameworks */,
				F1565B870D25F72C97A8003F /* [CP] Copy Pods Resources */,
			);
			buildRules = (
			);
			dependencies = (
			);
			name = StandardMetering;
			productName = StandardMetering;
			productReference = E00E5CE220CD9D9A00C478A0 /* StandardMetering.app */;
			productType = "com.apple.product-type.application";
		};
		E00E5CFA20CD9D9B00C478A0 /* StandardMeteringTests */ = {
			isa = PBXNativeTarget;
			buildConfigurationList = E00E5D1220CD9D9B00C478A0 /* Build configuration list for PBXNativeTarget "StandardMeteringTests" */;
			buildPhases = (
				9F157AC3377973315230247C /* [CP] Check Pods Manifest.lock */,
				E00E5CF720CD9D9B00C478A0 /* Sources */,
				E00E5CF820CD9D9B00C478A0 /* Frameworks */,
				E00E5CF920CD9D9B00C478A0 /* Resources */,
				8F5DAE93282E4A9F561505C5 /* [CP] Embed Pods Frameworks */,
				1922AA33FB15FFEBD8E6E591 /* [CP] Copy Pods Resources */,
			);
			buildRules = (
			);
			dependencies = (
				E00E5CFD20CD9D9B00C478A0 /* PBXTargetDependency */,
			);
			name = StandardMeteringTests;
			productName = StandardMeteringTests;
			productReference = E00E5CFB20CD9D9B00C478A0 /* StandardMeteringTests.xctest */;
			productType = "com.apple.product-type.bundle.unit-test";
		};
		E00E5D0520CD9D9B00C478A0 /* StandardMeteringUITests */ = {
			isa = PBXNativeTarget;
			buildConfigurationList = E00E5D1520CD9D9B00C478A0 /* Build configuration list for PBXNativeTarget "StandardMeteringUITests" */;
			buildPhases = (
				48B3A22B75DC5666DD083E93 /* [CP] Check Pods Manifest.lock */,
				E00E5D0220CD9D9B00C478A0 /* Sources */,
				E00E5D0320CD9D9B00C478A0 /* Frameworks */,
				E00E5D0420CD9D9B00C478A0 /* Resources */,
				97D07330256E6AD3160274C5 /* [CP] Embed Pods Frameworks */,
				7E1E12E3E34A788AAFC58A96 /* [CP] Copy Pods Resources */,
			);
			buildRules = (
			);
			dependencies = (
				E00E5D0820CD9D9B00C478A0 /* PBXTargetDependency */,
			);
			name = StandardMeteringUITests;
			productName = StandardMeteringUITests;
			productReference = E00E5D0620CD9D9B00C478A0 /* StandardMeteringUITests.xctest */;
			productType = "com.apple.product-type.bundle.ui-testing";
		};
/* End PBXNativeTarget section */

/* Begin PBXProject section */
		E00E5CDA20CD9D9A00C478A0 /* Project object */ = {
			isa = PBXProject;
			attributes = {
				LastSwiftUpdateCheck = 0940;
				LastUpgradeCheck = 0940;
				ORGANIZATIONNAME = StandardMetering;
				TargetAttributes = {
					E00E5CE120CD9D9A00C478A0 = {
						CreatedOnToolsVersion = 9.4;
					};
					E00E5CFA20CD9D9B00C478A0 = {
						CreatedOnToolsVersion = 9.4;
						TestTargetID = E00E5CE120CD9D9A00C478A0;
					};
					E00E5D0520CD9D9B00C478A0 = {
						CreatedOnToolsVersion = 9.4;
						TestTargetID = E00E5CE120CD9D9A00C478A0;
					};
				};
			};
			buildConfigurationList = E00E5CDD20CD9D9A00C478A0 /* Build configuration list for PBXProject "StandardMetering" */;
			compatibilityVersion = "Xcode 9.3";
			developmentRegion = en;
			hasScannedForEncodings = 0;
			knownRegions = (
				en,
				Base,
			);
			mainGroup = E00E5CD920CD9D9A00C478A0;
			productRefGroup = E00E5CE320CD9D9A00C478A0 /* Products */;
			projectDirPath = "";
			projectRoot = "";
			targets = (
				E00E5CE120CD9D9A00C478A0 /* StandardMetering */,
				E00E5CFA20CD9D9B00C478A0 /* StandardMeteringTests */,
				E00E5D0520CD9D9B00C478A0 /* StandardMeteringUITests */,
			);
		};
/* End PBXProject section */

/* Begin PBXResourcesBuildPhase section */
		E00E5CE020CD9D9A00C478A0 /* Resources */ = {
			isa = PBXResourcesBuildPhase;
			buildActionMask = 2147483647;
			files = (
				E00E5CF520CD9D9B00C478A0 /* LaunchScreen.storyboard in Resources */,
				E00E5CF220CD9D9B00C478A0 /* Assets.xcassets in Resources */,
				E00E5CF020CD9D9B00C478A0 /* Main.storyboard in Resources */,
			);
			runOnlyForDeploymentPostprocessing = 0;
		};
		E00E5CF920CD9D9B00C478A0 /* Resources */ = {
			isa = PBXResourcesBuildPhase;
			buildActionMask = 2147483647;
			files = (
			);
			runOnlyForDeploymentPostprocessing = 0;
		};
		E00E5D0420CD9D9B00C478A0 /* Resources */ = {
			isa = PBXResourcesBuildPhase;
			buildActionMask = 2147483647;
			files = (
			);
			runOnlyForDeploymentPostprocessing = 0;
		};
/* End PBXResourcesBuildPhase section */

/* Begin PBXShellScriptBuildPhase section */
		02BB30F01B87A0A58EC229D8 /* [CP] Check Pods Manifest.lock */ = {
			isa = PBXShellScriptBuildPhase;
			buildActionMask = 2147483647;
			files = (
			);
			inputPaths = (
				"${PODS_PODFILE_DIR_PATH}/Podfile.lock",
				"${PODS_ROOT}/Manifest.lock",
			);
			name = "[CP] Check Pods Manifest.lock";
			outputPaths = (
				"$(DERIVED_FILE_DIR)/Pods-StandardMetering-checkManifestLockResult.txt",
			);
			runOnlyForDeploymentPostprocessing = 0;
			shellPath = /bin/sh;
			shellScript = "diff \"${PODS_PODFILE_DIR_PATH}/Podfile.lock\" \"${PODS_ROOT}/Manifest.lock\" > /dev/null\nif [ $? != 0 ] ; then\n    # print error to STDERR\n    echo \"error: The sandbox is not in sync with the Podfile.lock. Run 'pod install' or update your CocoaPods installation.\" >&2\n    exit 1\nfi\n# This output is used by Xcode 'outputs' to avoid re-running this script phase.\necho \"SUCCESS\" > \"${SCRIPT_OUTPUT_FILE_0}\"\n";
			showEnvVarsInLog = 0;
		};
		1922AA33FB15FFEBD8E6E591 /* [CP] Copy Pods Resources */ = {
			isa = PBXShellScriptBuildPhase;
			buildActionMask = 2147483647;
			files = (
			);
			inputPaths = (
			);
			name = "[CP] Copy Pods Resources";
			outputPaths = (
			);
			runOnlyForDeploymentPostprocessing = 0;
			shellPath = /bin/sh;
			shellScript = "\"${SRCROOT}/Pods/Target Support Files/Pods-StandardMeteringTests/Pods-StandardMeteringTests-resources.sh\"\n";
			showEnvVarsInLog = 0;
		};
		48B3A22B75DC5666DD083E93 /* [CP] Check Pods Manifest.lock */ = {
			isa = PBXShellScriptBuildPhase;
			buildActionMask = 2147483647;
			files = (
			);
			inputPaths = (
				"${PODS_PODFILE_DIR_PATH}/Podfile.lock",
				"${PODS_ROOT}/Manifest.lock",
			);
			name = "[CP] Check Pods Manifest.lock";
			outputPaths = (
				"$(DERIVED_FILE_DIR)/Pods-StandardMeteringUITests-checkManifestLockResult.txt",
			);
			runOnlyForDeploymentPostprocessing = 0;
			shellPath = /bin/sh;
			shellScript = "diff \"${PODS_PODFILE_DIR_PATH}/Podfile.lock\" \"${PODS_ROOT}/Manifest.lock\" > /dev/null\nif [ $? != 0 ] ; then\n    # print error to STDERR\n    echo \"error: The sandbox is not in sync with the Podfile.lock. Run 'pod install' or update your CocoaPods installation.\" >&2\n    exit 1\nfi\n# This output is used by Xcode 'outputs' to avoid re-running this script phase.\necho \"SUCCESS\" > \"${SCRIPT_OUTPUT_FILE_0}\"\n";
			showEnvVarsInLog = 0;
		};
		7922F22F48CB50C513C947A1 /* [CP] Embed Pods Frameworks */ = {
			isa = PBXShellScriptBuildPhase;
			buildActionMask = 2147483647;
			files = (
			);
			inputPaths = (
				"${SRCROOT}/Pods/Target Support Files/Pods-StandardMetering/Pods-StandardMetering-frameworks.sh",
				"${BUILT_PRODUCTS_DIR}/GTMOAuth2/GTMOAuth2.framework",
				"${BUILT_PRODUCTS_DIR}/GTMSessionFetcher/GTMSessionFetcher.framework",
				"${BUILT_PRODUCTS_DIR}/GoogleToolboxForMac/GoogleToolboxForMac.framework",
			);
			name = "[CP] Embed Pods Frameworks";
			outputPaths = (
				"${TARGET_BUILD_DIR}/${FRAMEWORKS_FOLDER_PATH}/GTMOAuth2.framework",
				"${TARGET_BUILD_DIR}/${FRAMEWORKS_FOLDER_PATH}/GTMSessionFetcher.framework",
				"${TARGET_BUILD_DIR}/${FRAMEWORKS_FOLDER_PATH}/GoogleToolboxForMac.framework",
			);
			runOnlyForDeploymentPostprocessing = 0;
			shellPath = /bin/sh;
			shellScript = "\"${SRCROOT}/Pods/Target Support Files/Pods-StandardMetering/Pods-StandardMetering-frameworks.sh\"\n";
			showEnvVarsInLog = 0;
		};
		7E1E12E3E34A788AAFC58A96 /* [CP] Copy Pods Resources */ = {
			isa = PBXShellScriptBuildPhase;
			buildActionMask = 2147483647;
			files = (
			);
			inputPaths = (
			);
			name = "[CP] Copy Pods Resources";
			outputPaths = (
			);
			runOnlyForDeploymentPostprocessing = 0;
			shellPath = /bin/sh;
			shellScript = "\"${SRCROOT}/Pods/Target Support Files/Pods-StandardMeteringUITests/Pods-StandardMeteringUITests-resources.sh\"\n";
			showEnvVarsInLog = 0;
		};
		8F5DAE93282E4A9F561505C5 /* [CP] Embed Pods Frameworks */ = {
			isa = PBXShellScriptBuildPhase;
			buildActionMask = 2147483647;
			files = (
			);
			inputPaths = (
			);
			name = "[CP] Embed Pods Frameworks";
			outputPaths = (
			);
			runOnlyForDeploymentPostprocessing = 0;
			shellPath = /bin/sh;
			shellScript = "\"${SRCROOT}/Pods/Target Support Files/Pods-StandardMeteringTests/Pods-StandardMeteringTests-frameworks.sh\"\n";
			showEnvVarsInLog = 0;
		};
		97D07330256E6AD3160274C5 /* [CP] Embed Pods Frameworks */ = {
			isa = PBXShellScriptBuildPhase;
			buildActionMask = 2147483647;
			files = (
			);
			inputPaths = (
			);
			name = "[CP] Embed Pods Frameworks";
			outputPaths = (
			);
			runOnlyForDeploymentPostprocessing = 0;
			shellPath = /bin/sh;
			shellScript = "\"${SRCROOT}/Pods/Target Support Files/Pods-StandardMeteringUITests/Pods-StandardMeteringUITests-frameworks.sh\"\n";
			showEnvVarsInLog = 0;
		};
		9F157AC3377973315230247C /* [CP] Check Pods Manifest.lock */ = {
			isa = PBXShellScriptBuildPhase;
			buildActionMask = 2147483647;
			files = (
			);
			inputPaths = (
				"${PODS_PODFILE_DIR_PATH}/Podfile.lock",
				"${PODS_ROOT}/Manifest.lock",
			);
			name = "[CP] Check Pods Manifest.lock";
			outputPaths = (
				"$(DERIVED_FILE_DIR)/Pods-StandardMeteringTests-checkManifestLockResult.txt",
			);
			runOnlyForDeploymentPostprocessing = 0;
			shellPath = /bin/sh;
			shellScript = "diff \"${PODS_PODFILE_DIR_PATH}/Podfile.lock\" \"${PODS_ROOT}/Manifest.lock\" > /dev/null\nif [ $? != 0 ] ; then\n    # print error to STDERR\n    echo \"error: The sandbox is not in sync with the Podfile.lock. Run 'pod install' or update your CocoaPods installation.\" >&2\n    exit 1\nfi\n# This output is used by Xcode 'outputs' to avoid re-running this script phase.\necho \"SUCCESS\" > \"${SCRIPT_OUTPUT_FILE_0}\"\n";
			showEnvVarsInLog = 0;
		};
		F1565B870D25F72C97A8003F /* [CP] Copy Pods Resources */ = {
			isa = PBXShellScriptBuildPhase;
			buildActionMask = 2147483647;
			files = (
			);
			inputPaths = (
				"${SRCROOT}/Pods/Target Support Files/Pods-StandardMetering/Pods-StandardMetering-resources.sh",
				"${PODS_ROOT}/GoogleSignIn/Resources/GoogleSignIn.bundle",
			);
			name = "[CP] Copy Pods Resources";
			outputPaths = (
				"${TARGET_BUILD_DIR}/${UNLOCALIZED_RESOURCES_FOLDER_PATH}",
			);
			runOnlyForDeploymentPostprocessing = 0;
			shellPath = /bin/sh;
			shellScript = "\"${SRCROOT}/Pods/Target Support Files/Pods-StandardMetering/Pods-StandardMetering-resources.sh\"\n";
			showEnvVarsInLog = 0;
		};
/* End PBXShellScriptBuildPhase section */

/* Begin PBXSourcesBuildPhase section */
		E00E5CDE20CD9D9A00C478A0 /* Sources */ = {
			isa = PBXSourcesBuildPhase;
			buildActionMask = 2147483647;
			files = (
				E00E5CE620CD9D9B00C478A0 /* AppDelegate.swift in Sources */,
				E00E5D1D20CDB28F00C478A0 /* SplitViewController.swift in Sources */,
				E00E5D2320CDBAC200C478A0 /* UserModel.swift in Sources */,
				E00E5CE920CD9D9B00C478A0 /* StandardMetering.xcdatamodeld in Sources */,
				E0C3A5A620CF754000591135 /* NetworkRequest.swift in Sources */,
				E08B7A9320E1CC6300950890 /* InstallModel.swift in Sources */,
				E04E55D520D1F7B5006D673E /* CreateNewInstallViewController.swift in Sources */,
				E00E5CEB20CD9D9B00C478A0 /* MasterViewController.swift in Sources */,
				E08B7A9120E1BD9D00950890 /* Util.swift in Sources */,
				E07A20BD20D1E92900CDCC11 /* SyncActionsCellModel.swift in Sources */,
				E00E5D1B20CDAF2D00C478A0 /* StandardMeteringConstants.swift in Sources */,
				E06F3CC720D0ADD600AE5ED7 /* MasterViewModel.swift in Sources */,
				E06F3CC920D0B86B00AE5ED7 /* InstallCellViewModel.swift in Sources */,
				E00E5D1920CDAD7400C478A0 /* SignInViewController.swift in Sources */,
				E0C3A5A320CF749C00591135 /* StandardMeteringError.swift in Sources */,
				E00E5CED20CD9D9B00C478A0 /* DetailViewController.swift in Sources */,
			);
			runOnlyForDeploymentPostprocessing = 0;
		};
		E00E5CF720CD9D9B00C478A0 /* Sources */ = {
			isa = PBXSourcesBuildPhase;
			buildActionMask = 2147483647;
			files = (
				E00E5D0020CD9D9B00C478A0 /* StandardMeteringTests.swift in Sources */,
			);
			runOnlyForDeploymentPostprocessing = 0;
		};
		E00E5D0220CD9D9B00C478A0 /* Sources */ = {
			isa = PBXSourcesBuildPhase;
			buildActionMask = 2147483647;
			files = (
				E00E5D0B20CD9D9B00C478A0 /* StandardMeteringUITests.swift in Sources */,
			);
			runOnlyForDeploymentPostprocessing = 0;
		};
/* End PBXSourcesBuildPhase section */

/* Begin PBXTargetDependency section */
		E00E5CFD20CD9D9B00C478A0 /* PBXTargetDependency */ = {
			isa = PBXTargetDependency;
			target = E00E5CE120CD9D9A00C478A0 /* StandardMetering */;
			targetProxy = E00E5CFC20CD9D9B00C478A0 /* PBXContainerItemProxy */;
		};
		E00E5D0820CD9D9B00C478A0 /* PBXTargetDependency */ = {
			isa = PBXTargetDependency;
			target = E00E5CE120CD9D9A00C478A0 /* StandardMetering */;
			targetProxy = E00E5D0720CD9D9B00C478A0 /* PBXContainerItemProxy */;
		};
/* End PBXTargetDependency section */

/* Begin PBXVariantGroup section */
		E00E5CEE20CD9D9B00C478A0 /* Main.storyboard */ = {
			isa = PBXVariantGroup;
			children = (
				E00E5CEF20CD9D9B00C478A0 /* Base */,
			);
			name = Main.storyboard;
			sourceTree = "<group>";
		};
		E00E5CF320CD9D9B00C478A0 /* LaunchScreen.storyboard */ = {
			isa = PBXVariantGroup;
			children = (
				E00E5CF420CD9D9B00C478A0 /* Base */,
			);
			name = LaunchScreen.storyboard;
			sourceTree = "<group>";
		};
/* End PBXVariantGroup section */

/* Begin XCBuildConfiguration section */
		E00E5D0D20CD9D9B00C478A0 /* Debug */ = {
			isa = XCBuildConfiguration;
			buildSettings = {
				ALWAYS_SEARCH_USER_PATHS = NO;
				CLANG_ANALYZER_NONNULL = YES;
				CLANG_ANALYZER_NUMBER_OBJECT_CONVERSION = YES_AGGRESSIVE;
				CLANG_CXX_LANGUAGE_STANDARD = "gnu++14";
				CLANG_CXX_LIBRARY = "libc++";
				CLANG_ENABLE_MODULES = YES;
				CLANG_ENABLE_OBJC_ARC = YES;
				CLANG_ENABLE_OBJC_WEAK = YES;
				CLANG_WARN_BLOCK_CAPTURE_AUTORELEASING = YES;
				CLANG_WARN_BOOL_CONVERSION = YES;
				CLANG_WARN_COMMA = YES;
				CLANG_WARN_CONSTANT_CONVERSION = YES;
				CLANG_WARN_DEPRECATED_OBJC_IMPLEMENTATIONS = YES;
				CLANG_WARN_DIRECT_OBJC_ISA_USAGE = YES_ERROR;
				CLANG_WARN_DOCUMENTATION_COMMENTS = YES;
				CLANG_WARN_EMPTY_BODY = YES;
				CLANG_WARN_ENUM_CONVERSION = YES;
				CLANG_WARN_INFINITE_RECURSION = YES;
				CLANG_WARN_INT_CONVERSION = YES;
				CLANG_WARN_NON_LITERAL_NULL_CONVERSION = YES;
				CLANG_WARN_OBJC_IMPLICIT_RETAIN_SELF = YES;
				CLANG_WARN_OBJC_LITERAL_CONVERSION = YES;
				CLANG_WARN_OBJC_ROOT_CLASS = YES_ERROR;
				CLANG_WARN_RANGE_LOOP_ANALYSIS = YES;
				CLANG_WARN_STRICT_PROTOTYPES = YES;
				CLANG_WARN_SUSPICIOUS_MOVE = YES;
				CLANG_WARN_UNGUARDED_AVAILABILITY = YES_AGGRESSIVE;
				CLANG_WARN_UNREACHABLE_CODE = YES;
				CLANG_WARN__DUPLICATE_METHOD_MATCH = YES;
				CODE_SIGN_IDENTITY = "iPhone Developer";
				COPY_PHASE_STRIP = NO;
				DEBUG_INFORMATION_FORMAT = dwarf;
				ENABLE_STRICT_OBJC_MSGSEND = YES;
				ENABLE_TESTABILITY = YES;
				GCC_C_LANGUAGE_STANDARD = gnu11;
				GCC_DYNAMIC_NO_PIC = NO;
				GCC_NO_COMMON_BLOCKS = YES;
				GCC_OPTIMIZATION_LEVEL = 0;
				GCC_PREPROCESSOR_DEFINITIONS = (
					"DEBUG=1",
					"$(inherited)",
				);
				GCC_WARN_64_TO_32_BIT_CONVERSION = YES;
				GCC_WARN_ABOUT_RETURN_TYPE = YES_ERROR;
				GCC_WARN_UNDECLARED_SELECTOR = YES;
				GCC_WARN_UNINITIALIZED_AUTOS = YES_AGGRESSIVE;
				GCC_WARN_UNUSED_FUNCTION = YES;
				GCC_WARN_UNUSED_VARIABLE = YES;
				IPHONEOS_DEPLOYMENT_TARGET = 11.4;
				MTL_ENABLE_DEBUG_INFO = YES;
				ONLY_ACTIVE_ARCH = YES;
				SDKROOT = iphoneos;
				SWIFT_ACTIVE_COMPILATION_CONDITIONS = DEBUG;
				SWIFT_OPTIMIZATION_LEVEL = "-Onone";
			};
			name = Debug;
		};
		E00E5D0E20CD9D9B00C478A0 /* Release */ = {
			isa = XCBuildConfiguration;
			buildSettings = {
				ALWAYS_SEARCH_USER_PATHS = NO;
				CLANG_ANALYZER_NONNULL = YES;
				CLANG_ANALYZER_NUMBER_OBJECT_CONVERSION = YES_AGGRESSIVE;
				CLANG_CXX_LANGUAGE_STANDARD = "gnu++14";
				CLANG_CXX_LIBRARY = "libc++";
				CLANG_ENABLE_MODULES = YES;
				CLANG_ENABLE_OBJC_ARC = YES;
				CLANG_ENABLE_OBJC_WEAK = YES;
				CLANG_WARN_BLOCK_CAPTURE_AUTORELEASING = YES;
				CLANG_WARN_BOOL_CONVERSION = YES;
				CLANG_WARN_COMMA = YES;
				CLANG_WARN_CONSTANT_CONVERSION = YES;
				CLANG_WARN_DEPRECATED_OBJC_IMPLEMENTATIONS = YES;
				CLANG_WARN_DIRECT_OBJC_ISA_USAGE = YES_ERROR;
				CLANG_WARN_DOCUMENTATION_COMMENTS = YES;
				CLANG_WARN_EMPTY_BODY = YES;
				CLANG_WARN_ENUM_CONVERSION = YES;
				CLANG_WARN_INFINITE_RECURSION = YES;
				CLANG_WARN_INT_CONVERSION = YES;
				CLANG_WARN_NON_LITERAL_NULL_CONVERSION = YES;
				CLANG_WARN_OBJC_IMPLICIT_RETAIN_SELF = YES;
				CLANG_WARN_OBJC_LITERAL_CONVERSION = YES;
				CLANG_WARN_OBJC_ROOT_CLASS = YES_ERROR;
				CLANG_WARN_RANGE_LOOP_ANALYSIS = YES;
				CLANG_WARN_STRICT_PROTOTYPES = YES;
				CLANG_WARN_SUSPICIOUS_MOVE = YES;
				CLANG_WARN_UNGUARDED_AVAILABILITY = YES_AGGRESSIVE;
				CLANG_WARN_UNREACHABLE_CODE = YES;
				CLANG_WARN__DUPLICATE_METHOD_MATCH = YES;
				CODE_SIGN_IDENTITY = "iPhone Developer";
				COPY_PHASE_STRIP = NO;
				DEBUG_INFORMATION_FORMAT = "dwarf-with-dsym";
				ENABLE_NS_ASSERTIONS = NO;
				ENABLE_STRICT_OBJC_MSGSEND = YES;
				GCC_C_LANGUAGE_STANDARD = gnu11;
				GCC_NO_COMMON_BLOCKS = YES;
				GCC_WARN_64_TO_32_BIT_CONVERSION = YES;
				GCC_WARN_ABOUT_RETURN_TYPE = YES_ERROR;
				GCC_WARN_UNDECLARED_SELECTOR = YES;
				GCC_WARN_UNINITIALIZED_AUTOS = YES_AGGRESSIVE;
				GCC_WARN_UNUSED_FUNCTION = YES;
				GCC_WARN_UNUSED_VARIABLE = YES;
				IPHONEOS_DEPLOYMENT_TARGET = 11.4;
				MTL_ENABLE_DEBUG_INFO = NO;
				SDKROOT = iphoneos;
				SWIFT_COMPILATION_MODE = wholemodule;
				SWIFT_OPTIMIZATION_LEVEL = "-O";
				VALIDATE_PRODUCT = YES;
			};
			name = Release;
		};
		E00E5D1020CD9D9B00C478A0 /* Debug */ = {
			isa = XCBuildConfiguration;
			baseConfigurationReference = E83B30174F92D5785C72C6CB /* Pods-StandardMetering.debug.xcconfig */;
			buildSettings = {
				ASSETCATALOG_COMPILER_APPICON_NAME = AppIcon;
				CODE_SIGN_STYLE = Automatic;
				DEVELOPMENT_TEAM = L5696BKBGY;
				FRAMEWORK_SEARCH_PATHS = "$(inherited)";
				INFOPLIST_FILE = StandardMetering/Info.plist;
				IPHONEOS_DEPLOYMENT_TARGET = 10.0;
				LD_RUNPATH_SEARCH_PATHS = (
					"$(inherited)",
					"@executable_path/Frameworks",
				);
				PRODUCT_BUNDLE_IDENTIFIER = net.ddns.StandardMeetering.StandardMetering;
				PRODUCT_NAME = "$(TARGET_NAME)";
				SWIFT_VERSION = 4.0;
				TARGETED_DEVICE_FAMILY = "1,2";
			};
			name = Debug;
		};
		E00E5D1120CD9D9B00C478A0 /* Release */ = {
			isa = XCBuildConfiguration;
			baseConfigurationReference = 90CE0D8046790AF22B60CA13 /* Pods-StandardMetering.release.xcconfig */;
			buildSettings = {
				ASSETCATALOG_COMPILER_APPICON_NAME = AppIcon;
				CODE_SIGN_STYLE = Automatic;
				DEVELOPMENT_TEAM = L5696BKBGY;
				FRAMEWORK_SEARCH_PATHS = "$(inherited)";
				INFOPLIST_FILE = StandardMetering/Info.plist;
				IPHONEOS_DEPLOYMENT_TARGET = 10.0;
				LD_RUNPATH_SEARCH_PATHS = (
					"$(inherited)",
					"@executable_path/Frameworks",
				);
				PRODUCT_BUNDLE_IDENTIFIER = net.ddns.StandardMeetering.StandardMetering;
				PRODUCT_NAME = "$(TARGET_NAME)";
				SWIFT_VERSION = 4.0;
				TARGETED_DEVICE_FAMILY = "1,2";
			};
			name = Release;
		};
		E00E5D1320CD9D9B00C478A0 /* Debug */ = {
			isa = XCBuildConfiguration;
			baseConfigurationReference = 7450BEAB76B58170CC54DD1B /* Pods-StandardMeteringTests.debug.xcconfig */;
			buildSettings = {
				ALWAYS_EMBED_SWIFT_STANDARD_LIBRARIES = YES;
				BUNDLE_LOADER = "$(TEST_HOST)";
				CODE_SIGN_STYLE = Automatic;
				DEVELOPMENT_TEAM = L5696BKBGY;
				INFOPLIST_FILE = StandardMeteringTests/Info.plist;
				LD_RUNPATH_SEARCH_PATHS = (
					"$(inherited)",
					"@executable_path/Frameworks",
					"@loader_path/Frameworks",
				);
				PRODUCT_BUNDLE_IDENTIFIER = net.ddns.StandardMeetering.StandardMeteringTests;
				PRODUCT_NAME = "$(TARGET_NAME)";
				SWIFT_VERSION = 4.0;
				TARGETED_DEVICE_FAMILY = "1,2";
				TEST_HOST = "$(BUILT_PRODUCTS_DIR)/StandardMetering.app/StandardMetering";
			};
			name = Debug;
		};
		E00E5D1420CD9D9B00C478A0 /* Release */ = {
			isa = XCBuildConfiguration;
			baseConfigurationReference = 3E0F7BF5F5B2F751BA30298A /* Pods-StandardMeteringTests.release.xcconfig */;
			buildSettings = {
				ALWAYS_EMBED_SWIFT_STANDARD_LIBRARIES = YES;
				BUNDLE_LOADER = "$(TEST_HOST)";
				CODE_SIGN_STYLE = Automatic;
				DEVELOPMENT_TEAM = L5696BKBGY;
				INFOPLIST_FILE = StandardMeteringTests/Info.plist;
				LD_RUNPATH_SEARCH_PATHS = (
					"$(inherited)",
					"@executable_path/Frameworks",
					"@loader_path/Frameworks",
				);
				PRODUCT_BUNDLE_IDENTIFIER = net.ddns.StandardMeetering.StandardMeteringTests;
				PRODUCT_NAME = "$(TARGET_NAME)";
				SWIFT_VERSION = 4.0;
				TARGETED_DEVICE_FAMILY = "1,2";
				TEST_HOST = "$(BUILT_PRODUCTS_DIR)/StandardMetering.app/StandardMetering";
			};
			name = Release;
		};
		E00E5D1620CD9D9B00C478A0 /* Debug */ = {
			isa = XCBuildConfiguration;
			baseConfigurationReference = ABFD0637EC14BA71EACC0039 /* Pods-StandardMeteringUITests.debug.xcconfig */;
			buildSettings = {
				ALWAYS_EMBED_SWIFT_STANDARD_LIBRARIES = YES;
				CODE_SIGN_STYLE = Automatic;
				DEVELOPMENT_TEAM = L5696BKBGY;
				INFOPLIST_FILE = StandardMeteringUITests/Info.plist;
				LD_RUNPATH_SEARCH_PATHS = (
					"$(inherited)",
					"@executable_path/Frameworks",
					"@loader_path/Frameworks",
				);
				PRODUCT_BUNDLE_IDENTIFIER = net.ddns.StandardMeetering.StandardMeteringUITests;
				PRODUCT_NAME = "$(TARGET_NAME)";
				SWIFT_VERSION = 4.0;
				TARGETED_DEVICE_FAMILY = "1,2";
				TEST_TARGET_NAME = StandardMetering;
			};
			name = Debug;
		};
		E00E5D1720CD9D9B00C478A0 /* Release */ = {
			isa = XCBuildConfiguration;
			baseConfigurationReference = 6392FE9294909C7909B1617C /* Pods-StandardMeteringUITests.release.xcconfig */;
			buildSettings = {
				ALWAYS_EMBED_SWIFT_STANDARD_LIBRARIES = YES;
				CODE_SIGN_STYLE = Automatic;
				DEVELOPMENT_TEAM = L5696BKBGY;
				INFOPLIST_FILE = StandardMeteringUITests/Info.plist;
				LD_RUNPATH_SEARCH_PATHS = (
					"$(inherited)",
					"@executable_path/Frameworks",
					"@loader_path/Frameworks",
				);
				PRODUCT_BUNDLE_IDENTIFIER = net.ddns.StandardMeetering.StandardMeteringUITests;
				PRODUCT_NAME = "$(TARGET_NAME)";
				SWIFT_VERSION = 4.0;
				TARGETED_DEVICE_FAMILY = "1,2";
				TEST_TARGET_NAME = StandardMetering;
			};
			name = Release;
		};
/* End XCBuildConfiguration section */

/* Begin XCConfigurationList section */
		E00E5CDD20CD9D9A00C478A0 /* Build configuration list for PBXProject "StandardMetering" */ = {
			isa = XCConfigurationList;
			buildConfigurations = (
				E00E5D0D20CD9D9B00C478A0 /* Debug */,
				E00E5D0E20CD9D9B00C478A0 /* Release */,
			);
			defaultConfigurationIsVisible = 0;
			defaultConfigurationName = Release;
		};
		E00E5D0F20CD9D9B00C478A0 /* Build configuration list for PBXNativeTarget "StandardMetering" */ = {
			isa = XCConfigurationList;
			buildConfigurations = (
				E00E5D1020CD9D9B00C478A0 /* Debug */,
				E00E5D1120CD9D9B00C478A0 /* Release */,
			);
			defaultConfigurationIsVisible = 0;
			defaultConfigurationName = Release;
		};
		E00E5D1220CD9D9B00C478A0 /* Build configuration list for PBXNativeTarget "StandardMeteringTests" */ = {
			isa = XCConfigurationList;
			buildConfigurations = (
				E00E5D1320CD9D9B00C478A0 /* Debug */,
				E00E5D1420CD9D9B00C478A0 /* Release */,
			);
			defaultConfigurationIsVisible = 0;
			defaultConfigurationName = Release;
		};
		E00E5D1520CD9D9B00C478A0 /* Build configuration list for PBXNativeTarget "StandardMeteringUITests" */ = {
			isa = XCConfigurationList;
			buildConfigurations = (
				E00E5D1620CD9D9B00C478A0 /* Debug */,
				E00E5D1720CD9D9B00C478A0 /* Release */,
			);
			defaultConfigurationIsVisible = 0;
			defaultConfigurationName = Release;
		};
/* End XCConfigurationList section */

/* Begin XCVersionGroup section */
		E00E5CE720CD9D9B00C478A0 /* StandardMetering.xcdatamodeld */ = {
			isa = XCVersionGroup;
			children = (
				E00E5CE820CD9D9B00C478A0 /* StandardMetering.xcdatamodel */,
			);
			currentVersion = E00E5CE820CD9D9B00C478A0 /* StandardMetering.xcdatamodel */;
			path = StandardMetering.xcdatamodeld;
			sourceTree = "<group>";
			versionGroupType = wrapper.xcdatamodel;
		};
/* End XCVersionGroup section */
	};
	rootObject = E00E5CDA20CD9D9A00C478A0 /* Project object */;
}
